
Microsoft Visual Studio Solution File, Format Version 12.00
# Visual Studio Version 17
VisualStudioVersion = 17.8.34330.188
MinimumVisualStudioVersion = 10.0.40219.1
Project("{9A19103F-16F7-4668-BE54-9A1E7A4F7556}") = "MyLab.EmailManager", "MyLab.EmailManager\MyLab.EmailManager.csproj", "{5F3E9ECE-705D-434D-A838-1B76E54AB0E6}"
EndProject
Project("{9A19103F-16F7-4668-BE54-9A1E7A4F7556}") = "MyLab.EmailManager.Domain", "MyLab.EmailManager.Domain\MyLab.EmailManager.Domain.csproj", "{5E71DB2C-E0BC-43C0-90C3-07B6DF69733B}"
EndProject
Project("{9A19103F-16F7-4668-BE54-9A1E7A4F7556}") = "Domain.UnitTests", "Domain.UnitTests\Domain.UnitTests.csproj", "{2704ADB1-03AE-46D5-9B7B-584DF6F64FC0}"
EndProject
Project("{9A19103F-16F7-4668-BE54-9A1E7A4F7556}") = "MyLab.EmailManager.Infrastructure", "MyLab.EmailManager.Infrastructure\MyLab.EmailManager.Infrastructure.csproj", "{1939CA41-DB54-41D0-AB2C-1A44E9ACA99F}"
EndProject
Project("{9A19103F-16F7-4668-BE54-9A1E7A4F7556}") = "Migrations", "Migrations\Migrations.csproj", "{B839F752-50A3-4FDA-A662-C8B3427EFF1A}"
EndProject
Project("{9A19103F-16F7-4668-BE54-9A1E7A4F7556}") = "Infrastructure.UnitTests", "Infrastructure.UnitTests\Infrastructure.UnitTests.csproj", "{3C761226-80C3-4901-A14F-BAAF4A0FABFA}"
EndProject
Project("{9A19103F-16F7-4668-BE54-9A1E7A4F7556}") = "MyLab.EmailManager.App", "MyLab.EmailManager.App\MyLab.EmailManager.App.csproj", "{EE39D61A-8FDE-445C-A70D-E18841F7C319}"
EndProject
Project("{9A19103F-16F7-4668-BE54-9A1E7A4F7556}") = "EfModelRebuilder", "EfModelRebuilder\EfModelRebuilder.csproj", "{743B1B03-7F42-4CBC-A7B1-F0223A74A5F7}"
EndProject
Project("{9A19103F-16F7-4668-BE54-9A1E7A4F7556}") = "EmailManager.FuncTests", "EmailManager.FuncTests\EmailManager.FuncTests.csproj", "{58A59CB8-817C-4DC7-9CE5-62E69C19F774}"
EndProject
Project("{9A19103F-16F7-4668-BE54-9A1E7A4F7556}") = "MyLab.EmailManager.Client", "MyLab.EmailManager.Client\MyLab.EmailManager.Client.csproj", "{4A7FE9CF-4E89-47FB-9342-B12195FC4E65}"
EndProject
Project("{9A19103F-16F7-4668-BE54-9A1E7A4F7556}") = "App.UnitTests", "App.UnitTests\App.UnitTests.csproj", "{6745F3BC-3963-45BA-8829-E84A91965DA4}"
EndProject
Project("{2150E333-8FDC-42A3-9474-1A3956D46DE8}") = "Tests", "Tests", "{4C26AD9C-FA82-47B2-8EA9-EA44E158B6D3}"
EndProject
Project("{2150E333-8FDC-42A3-9474-1A3956D46DE8}") = "Tools", "Tools", "{8CE86BD1-0534-432F-AB17-749CC39143AC}"
EndProject
Project("{FAE04EC0-301F-11D3-BF4B-00C04F79EFBC}") = "Infrastructure.IntegrationTests", "Infrastructure.IntegrationTests\Infrastructure.IntegrationTests.csproj", "{F94C79BD-7D03-4D8E-91B9-2C972260BB43}"
EndProject
Project("{9A19103F-16F7-4668-BE54-9A1E7A4F7556}") = "AutoMapper", "..\..\..\other\AutoMapper\src\AutoMapper\AutoMapper.csproj", "{10762DA2-BDDA-4705-BF91-014E05D69320}"
EndProject
Global
	GlobalSection(SolutionConfigurationPlatforms) = preSolution
		Debug|Any CPU = Debug|Any CPU
		Release|Any CPU = Release|Any CPU
	EndGlobalSection
	GlobalSection(ProjectConfigurationPlatforms) = postSolution
		{5F3E9ECE-705D-434D-A838-1B76E54AB0E6}.Debug|Any CPU.ActiveCfg = Debug|Any CPU
		{5F3E9ECE-705D-434D-A838-1B76E54AB0E6}.Debug|Any CPU.Build.0 = Debug|Any CPU
		{5F3E9ECE-705D-434D-A838-1B76E54AB0E6}.Release|Any CPU.ActiveCfg = Release|Any CPU
		{5F3E9ECE-705D-434D-A838-1B76E54AB0E6}.Release|Any CPU.Build.0 = Release|Any CPU
		{5E71DB2C-E0BC-43C0-90C3-07B6DF69733B}.Debug|Any CPU.ActiveCfg = Debug|Any CPU
		{5E71DB2C-E0BC-43C0-90C3-07B6DF69733B}.Debug|Any CPU.Build.0 = Debug|Any CPU
		{5E71DB2C-E0BC-43C0-90C3-07B6DF69733B}.Release|Any CPU.ActiveCfg = Release|Any CPU
		{5E71DB2C-E0BC-43C0-90C3-07B6DF69733B}.Release|Any CPU.Build.0 = Release|Any CPU
		{2704ADB1-03AE-46D5-9B7B-584DF6F64FC0}.Debug|Any CPU.ActiveCfg = Debug|Any CPU
		{2704ADB1-03AE-46D5-9B7B-584DF6F64FC0}.Debug|Any CPU.Build.0 = Debug|Any CPU
		{2704ADB1-03AE-46D5-9B7B-584DF6F64FC0}.Release|Any CPU.ActiveCfg = Release|Any CPU
		{2704ADB1-03AE-46D5-9B7B-584DF6F64FC0}.Release|Any CPU.Build.0 = Release|Any CPU
		{1939CA41-DB54-41D0-AB2C-1A44E9ACA99F}.Debug|Any CPU.ActiveCfg = Debug|Any CPU
		{1939CA41-DB54-41D0-AB2C-1A44E9ACA99F}.Debug|Any CPU.Build.0 = Debug|Any CPU
		{1939CA41-DB54-41D0-AB2C-1A44E9ACA99F}.Release|Any CPU.ActiveCfg = Release|Any CPU
		{1939CA41-DB54-41D0-AB2C-1A44E9ACA99F}.Release|Any CPU.Build.0 = Release|Any CPU
		{B839F752-50A3-4FDA-A662-C8B3427EFF1A}.Debug|Any CPU.ActiveCfg = Debug|Any CPU
		{B839F752-50A3-4FDA-A662-C8B3427EFF1A}.Debug|Any CPU.Build.0 = Debug|Any CPU
		{B839F752-50A3-4FDA-A662-C8B3427EFF1A}.Release|Any CPU.ActiveCfg = Release|Any CPU
		{B839F752-50A3-4FDA-A662-C8B3427EFF1A}.Release|Any CPU.Build.0 = Release|Any CPU
		{3C761226-80C3-4901-A14F-BAAF4A0FABFA}.Debug|Any CPU.ActiveCfg = Debug|Any CPU
		{3C761226-80C3-4901-A14F-BAAF4A0FABFA}.Debug|Any CPU.Build.0 = Debug|Any CPU
		{3C761226-80C3-4901-A14F-BAAF4A0FABFA}.Release|Any CPU.ActiveCfg = Release|Any CPU
		{3C761226-80C3-4901-A14F-BAAF4A0FABFA}.Release|Any CPU.Build.0 = Release|Any CPU
		{EE39D61A-8FDE-445C-A70D-E18841F7C319}.Debug|Any CPU.ActiveCfg = Debug|Any CPU
		{EE39D61A-8FDE-445C-A70D-E18841F7C319}.Debug|Any CPU.Build.0 = Debug|Any CPU
		{EE39D61A-8FDE-445C-A70D-E18841F7C319}.Release|Any CPU.ActiveCfg = Release|Any CPU
		{EE39D61A-8FDE-445C-A70D-E18841F7C319}.Release|Any CPU.Build.0 = Release|Any CPU
		{743B1B03-7F42-4CBC-A7B1-F0223A74A5F7}.Debug|Any CPU.ActiveCfg = Debug|Any CPU
		{743B1B03-7F42-4CBC-A7B1-F0223A74A5F7}.Release|Any CPU.ActiveCfg = Release|Any CPU
		{58A59CB8-817C-4DC7-9CE5-62E69C19F774}.Debug|Any CPU.ActiveCfg = Debug|Any CPU
		{58A59CB8-817C-4DC7-9CE5-62E69C19F774}.Debug|Any CPU.Build.0 = Debug|Any CPU
		{58A59CB8-817C-4DC7-9CE5-62E69C19F774}.Release|Any CPU.ActiveCfg = Release|Any CPU
		{58A59CB8-817C-4DC7-9CE5-62E69C19F774}.Release|Any CPU.Build.0 = Release|Any CPU
		{4A7FE9CF-4E89-47FB-9342-B12195FC4E65}.Debug|Any CPU.ActiveCfg = Debug|Any CPU
		{4A7FE9CF-4E89-47FB-9342-B12195FC4E65}.Debug|Any CPU.Build.0 = Debug|Any CPU
		{4A7FE9CF-4E89-47FB-9342-B12195FC4E65}.Release|Any CPU.ActiveCfg = Release|Any CPU
		{4A7FE9CF-4E89-47FB-9342-B12195FC4E65}.Release|Any CPU.Build.0 = Release|Any CPU
		{6745F3BC-3963-45BA-8829-E84A91965DA4}.Debug|Any CPU.ActiveCfg = Debug|Any CPU
		{6745F3BC-3963-45BA-8829-E84A91965DA4}.Debug|Any CPU.Build.0 = Debug|Any CPU
		{6745F3BC-3963-45BA-8829-E84A91965DA4}.Release|Any CPU.ActiveCfg = Release|Any CPU
		{6745F3BC-3963-45BA-8829-E84A91965DA4}.Release|Any CPU.Build.0 = Release|Any CPU
		{F94C79BD-7D03-4D8E-91B9-2C972260BB43}.Debug|Any CPU.ActiveCfg = Debug|Any CPU
		{F94C79BD-7D03-4D8E-91B9-2C972260BB43}.Debug|Any CPU.Build.0 = Debug|Any CPU
		{F94C79BD-7D03-4D8E-91B9-2C972260BB43}.Release|Any CPU.ActiveCfg = Release|Any CPU
		{F94C79BD-7D03-4D8E-91B9-2C972260BB43}.Release|Any CPU.Build.0 = Release|Any CPU
		{10762DA2-BDDA-4705-BF91-014E05D69320}.Debug|Any CPU.ActiveCfg = Debug|Any CPU
		{10762DA2-BDDA-4705-BF91-014E05D69320}.Debug|Any CPU.Build.0 = Debug|Any CPU
		{10762DA2-BDDA-4705-BF91-014E05D69320}.Release|Any CPU.ActiveCfg = Release|Any CPU
		{10762DA2-BDDA-4705-BF91-014E05D69320}.Release|Any CPU.Build.0 = Release|Any CPU
	EndGlobalSection
	GlobalSection(SolutionProperties) = preSolution
		HideSolutionNode = FALSE
	EndGlobalSection
	GlobalSection(NestedProjects) = preSolution
		{2704ADB1-03AE-46D5-9B7B-584DF6F64FC0} = {4C26AD9C-FA82-47B2-8EA9-EA44E158B6D3}
		{B839F752-50A3-4FDA-A662-C8B3427EFF1A} = {8CE86BD1-0534-432F-AB17-749CC39143AC}
		{3C761226-80C3-4901-A14F-BAAF4A0FABFA} = {4C26AD9C-FA82-47B2-8EA9-EA44E158B6D3}
		{743B1B03-7F42-4CBC-A7B1-F0223A74A5F7} = {8CE86BD1-0534-432F-AB17-749CC39143AC}
		{58A59CB8-817C-4DC7-9CE5-62E69C19F774} = {4C26AD9C-FA82-47B2-8EA9-EA44E158B6D3}
		{6745F3BC-3963-45BA-8829-E84A91965DA4} = {4C26AD9C-FA82-47B2-8EA9-EA44E158B6D3}
		{F94C79BD-7D03-4D8E-91B9-2C972260BB43} = {4C26AD9C-FA82-47B2-8EA9-EA44E158B6D3}
	EndGlobalSection
	GlobalSection(ExtensibilityGlobals) = postSolution
		SolutionGuid = {CC18D6C4-CD69-4E2D-9AEC-7FA9BF9D4050}
	EndGlobalSection
EndGlobal
